
Microsoft Visual Studio Solution File, Format Version 12.00
# Visual Studio Version 16
VisualStudioVersion = 16.0.28922.388
MinimumVisualStudioVersion = 10.0.40219.1
Project("{8BC9CEB8-8B4A-11D0-8D11-00A0C91BC942}") = "Championify", "Championify.vcxproj", "{51E808AF-49D4-49E6-80B0-63DB4DBAB9BE}"
EndProject
Global
	GlobalSection(SolutionConfigurationPlatforms) = preSolution
		Debug|x64 = Debug|x64
		Release|x64 = Release|x64
	EndGlobalSection
	GlobalSection(ProjectConfigurationPlatforms) = postSolution
		{51E808AF-49D4-49E6-80B0-63DB4DBAB9BE}.Debug|x64.ActiveCfg = Debug|x64
		{51E808AF-49D4-49E6-80B0-63DB4DBAB9BE}.Debug|x64.Build.0 = Debug|x64
		{51E808AF-49D4-49E6-80B0-63DB4DBAB9BE}.Release|x64.ActiveCfg = Release|x64
		{51E808AF-49D4-49E6-80B0-63DB4DBAB9BE}.Release|x64.Build.0 = Release|x64
	EndGlobalSection
	GlobalSection(SolutionProperties) = preSolution
		HideSolutionNode = FALSE
	EndGlobalSection
	GlobalSection(ExtensibilityGlobals) = postSolution
		SolutionGuid = {12DEC2D2-3A81-485B-8974-024D76983BA5}
	EndGlobalSection
EndGlobal
